// !$*UTF8*$!
{
	archiveVersion = 1;
	classes = {
	};
	objectVersion = 46;
	objects = {

/* Begin PBXBuildFile section */
		33B890D415DFB0DB00ACEC58 /* UIKit.framework in Frameworks */ = {isa = PBXBuildFile; fileRef = 33B890D315DFB0DB00ACEC58 /* UIKit.framework */; };
		33B890D615DFB0DB00ACEC58 /* Foundation.framework in Frameworks */ = {isa = PBXBuildFile; fileRef = 33B890D515DFB0DB00ACEC58 /* Foundation.framework */; };
		33B890D815DFB0DB00ACEC58 /* CoreGraphics.framework in Frameworks */ = {isa = PBXBuildFile; fileRef = 33B890D715DFB0DB00ACEC58 /* CoreGraphics.framework */; };
		33B890DE15DFB0DB00ACEC58 /* InfoPlist.strings in Resources */ = {isa = PBXBuildFile; fileRef = 33B890DC15DFB0DB00ACEC58 /* InfoPlist.strings */; };
		33B890E015DFB0DB00ACEC58 /* main.m in Sources */ = {isa = PBXBuildFile; fileRef = 33B890DF15DFB0DB00ACEC58 /* main.m */; };
		33B890E415DFB0DB00ACEC58 /* AppDelegate.m in Sources */ = {isa = PBXBuildFile; fileRef = 33B890E315DFB0DB00ACEC58 /* AppDelegate.m */; };
		33B890E715DFB0DB00ACEC58 /* ViewController.m in Sources */ = {isa = PBXBuildFile; fileRef = 33B890E615DFB0DB00ACEC58 /* ViewController.m */; };
		33B890EA15DFB0DC00ACEC58 /* ViewController.xib in Resources */ = {isa = PBXBuildFile; fileRef = 33B890E815DFB0DB00ACEC58 /* ViewController.xib */; };
		33B890FE15DFB30100ACEC58 /* ZXRate.m in Sources */ = {isa = PBXBuildFile; fileRef = 33B890FA15DFB30100ACEC58 /* ZXRate.m */; };
		33B890FF15DFB30100ACEC58 /* ZXRemoteNotification.m in Sources */ = {isa = PBXBuildFile; fileRef = 33B890FD15DFB30100ACEC58 /* ZXRemoteNotification.m */; };
		33B8910B15DFB96E00ACEC58 /* ZXTools.m in Sources */ = {isa = PBXBuildFile; fileRef = 33B8910A15DFB96E00ACEC58 /* ZXTools.m */; };
		33B8911415DFC03200ACEC58 /* NSData+Base64.m in Sources */ = {isa = PBXBuildFile; fileRef = 33B8911115DFC03200ACEC58 /* NSData+Base64.m */; };
		33B8911515DFC03200ACEC58 /* NSString+Base64.m in Sources */ = {isa = PBXBuildFile; fileRef = 33B8911315DFC03200ACEC58 /* NSString+Base64.m */; };
		33B8911915DFC27E00ACEC58 /* NSData+ZXMD5.m in Sources */ = {isa = PBXBuildFile; fileRef = 33B8911815DFC27E00ACEC58 /* NSData+ZXMD5.m */; };
		33B8911C15DFC29700ACEC58 /* NSString+ZXMD5.m in Sources */ = {isa = PBXBuildFile; fileRef = 33B8911B15DFC29700ACEC58 /* NSString+ZXMD5.m */; };
		33B8912315DFC61400ACEC58 /* NSString+ZXDES.m in Sources */ = {isa = PBXBuildFile; fileRef = 33B8912215DFC61400ACEC58 /* NSString+ZXDES.m */; };
		430E1EAF15F478F800CD1B47 /* NSString+ZXTools.m in Sources */ = {isa = PBXBuildFile; fileRef = 430E1E9C15F478F800CD1B47 /* NSString+ZXTools.m */; };
		430E1EB015F478F800CD1B47 /* ZXNavigationBar.m in Sources */ = {isa = PBXBuildFile; fileRef = 430E1EA015F478F800CD1B47 /* ZXNavigationBar.m */; };
		430E1EB115F478F800CD1B47 /* b_Left.png in Resources */ = {isa = PBXBuildFile; fileRef = 430E1EA215F478F800CD1B47 /* b_Left.png */; };
		430E1EB215F478F800CD1B47 /* b_Left_Selected.png in Resources */ = {isa = PBXBuildFile; fileRef = 430E1EA315F478F800CD1B47 /* b_Left_Selected.png */; };
		430E1EB315F478F800CD1B47 /* b_Middle.png in Resources */ = {isa = PBXBuildFile; fileRef = 430E1EA415F478F800CD1B47 /* b_Middle.png */; };
		430E1EB415F478F800CD1B47 /* b_Middle_Selected.png in Resources */ = {isa = PBXBuildFile; fileRef = 430E1EA515F478F800CD1B47 /* b_Middle_Selected.png */; };
		430E1EB515F478F800CD1B47 /* b_Right.png in Resources */ = {isa = PBXBuildFile; fileRef = 430E1EA615F478F800CD1B47 /* b_Right.png */; };
		430E1EB615F478F800CD1B47 /* b_Right_Selected.png in Resources */ = {isa = PBXBuildFile; fileRef = 430E1EA715F478F800CD1B47 /* b_Right_Selected.png */; };
		430E1EB715F478F800CD1B47 /* ZXSegmentController.m in Sources */ = {isa = PBXBuildFile; fileRef = 430E1EA915F478F800CD1B47 /* ZXSegmentController.m */; };
		430E1EBF15F4796400CD1B47 /* NSData+ZXAES.m in Sources */ = {isa = PBXBuildFile; fileRef = 430E1EBC15F4796400CD1B47 /* NSData+ZXAES.m */; };
		430E1EC015F4796400CD1B47 /* NSString+ZXAES.m in Sources */ = {isa = PBXBuildFile; fileRef = 430E1EBE15F4796400CD1B47 /* NSString+ZXAES.m */; };
		430E1EC315F479AF00CD1B47 /* ZXTabBarController.m in Sources */ = {isa = PBXBuildFile; fileRef = 430E1EC215F479AF00CD1B47 /* ZXTabBarController.m */; };
		43162E3615EDB96500151BF2 /* bg2.png in Resources */ = {isa = PBXBuildFile; fileRef = 43162E3415EDB96500151BF2 /* bg2.png */; };
		43162E3715EDB96500151BF2 /* bg1.png in Resources */ = {isa = PBXBuildFile; fileRef = 43162E3515EDB96500151BF2 /* bg1.png */; };
		431A8C0415F71C830004B1CA /* ZXSoundEngine.m in Sources */ = {isa = PBXBuildFile; fileRef = 431A8C0315F71C830004B1CA /* ZXSoundEngine.m */; };
		431A8C0915F71CA20004B1CA /* ZXApplication.m in Sources */ = {isa = PBXBuildFile; fileRef = 431A8C0815F71CA20004B1CA /* ZXApplication.m */; };
		431A8C0B15F71EBF0004B1CA /* AVFoundation.framework in Frameworks */ = {isa = PBXBuildFile; fileRef = 431A8C0A15F71EBF0004B1CA /* AVFoundation.framework */; };
		431A8C0F15F723C40004B1CA /* ZXLocationManager.m in Sources */ = {isa = PBXBuildFile; fileRef = 431A8C0E15F723C40004B1CA /* ZXLocationManager.m */; };
		431A8C1115F723D00004B1CA /* CoreLocation.framework in Frameworks */ = {isa = PBXBuildFile; fileRef = 431A8C1015F723D00004B1CA /* CoreLocation.framework */; };
		431A8C1315F723F60004B1CA /* MapKit.framework in Frameworks */ = {isa = PBXBuildFile; fileRef = 431A8C1215F723F60004B1CA /* MapKit.framework */; };
		434A2B27162410CC00F62EB6 /* Default-568h@2x.png in Resources */ = {isa = PBXBuildFile; fileRef = 434A2B26162410CC00F62EB6 /* Default-568h@2x.png */; };
		434C394215EDA50A009737E9 /* navigationBg.png in Resources */ = {isa = PBXBuildFile; fileRef = 434C394115EDA50A009737E9 /* navigationBg.png */; };
		437736071606B9B100F8C0C2 /* Settings.bundle in Resources */ = {isa = PBXBuildFile; fileRef = 437736061606B9B100F8C0C2 /* Settings.bundle */; };
		43927BD115FF0B5F0087F249 /* ALAssetsLibrary+CustomPhotoAlbum.m in Sources */ = {isa = PBXBuildFile; fileRef = 43927BD015FF0B5F0087F249 /* ALAssetsLibrary+CustomPhotoAlbum.m */; };
		43927BD415FF0B7A0087F249 /* AssetsLibrary.framework in Frameworks */ = {isa = PBXBuildFile; fileRef = 43927BD315FF0B7A0087F249 /* AssetsLibrary.framework */; };
/* End PBXBuildFile section */

/* Begin PBXFileReference section */
		33B890CF15DFB0DB00ACEC58 /* ZXTools.app */ = {isa = PBXFileReference; explicitFileType = wrapper.application; includeInIndex = 0; path = ZXTools.app; sourceTree = BUILT_PRODUCTS_DIR; };
		33B890D315DFB0DB00ACEC58 /* UIKit.framework */ = {isa = PBXFileReference; lastKnownFileType = wrapper.framework; name = UIKit.framework; path = System/Library/Frameworks/UIKit.framework; sourceTree = SDKROOT; };
		33B890D515DFB0DB00ACEC58 /* Foundation.framework */ = {isa = PBXFileReference; lastKnownFileType = wrapper.framework; name = Foundation.framework; path = System/Library/Frameworks/Foundation.framework; sourceTree = SDKROOT; };
		33B890D715DFB0DB00ACEC58 /* CoreGraphics.framework */ = {isa = PBXFileReference; lastKnownFileType = wrapper.framework; name = CoreGraphics.framework; path = System/Library/Frameworks/CoreGraphics.framework; sourceTree = SDKROOT; };
		33B890DB15DFB0DB00ACEC58 /* ZXTools-Info.plist */ = {isa = PBXFileReference; lastKnownFileType = text.plist.xml; path = "ZXTools-Info.plist"; sourceTree = "<group>"; };
		33B890DD15DFB0DB00ACEC58 /* en */ = {isa = PBXFileReference; lastKnownFileType = text.plist.strings; name = en; path = en.lproj/InfoPlist.strings; sourceTree = "<group>"; };
		33B890DF15DFB0DB00ACEC58 /* main.m */ = {isa = PBXFileReference; lastKnownFileType = sourcecode.c.objc; path = main.m; sourceTree = "<group>"; };
		33B890E115DFB0DB00ACEC58 /* ZXTools-Prefix.pch */ = {isa = PBXFileReference; lastKnownFileType = sourcecode.c.h; path = "ZXTools-Prefix.pch"; sourceTree = "<group>"; };
		33B890E215DFB0DB00ACEC58 /* AppDelegate.h */ = {isa = PBXFileReference; lastKnownFileType = sourcecode.c.h; path = AppDelegate.h; sourceTree = "<group>"; };
		33B890E315DFB0DB00ACEC58 /* AppDelegate.m */ = {isa = PBXFileReference; lastKnownFileType = sourcecode.c.objc; path = AppDelegate.m; sourceTree = "<group>"; };
		33B890E515DFB0DB00ACEC58 /* ViewController.h */ = {isa = PBXFileReference; lastKnownFileType = sourcecode.c.h; path = ViewController.h; sourceTree = "<group>"; };
		33B890E615DFB0DB00ACEC58 /* ViewController.m */ = {isa = PBXFileReference; lastKnownFileType = sourcecode.c.objc; path = ViewController.m; sourceTree = "<group>"; };
		33B890E915DFB0DC00ACEC58 /* en */ = {isa = PBXFileReference; lastKnownFileType = file.xib; name = en; path = en.lproj/ViewController.xib; sourceTree = "<group>"; };
		33B890F915DFB30100ACEC58 /* ZXRate.h */ = {isa = PBXFileReference; fileEncoding = 4; lastKnownFileType = sourcecode.c.h; path = ZXRate.h; sourceTree = "<group>"; };
		33B890FA15DFB30100ACEC58 /* ZXRate.m */ = {isa = PBXFileReference; fileEncoding = 4; lastKnownFileType = sourcecode.c.objc; path = ZXRate.m; sourceTree = "<group>"; };
		33B890FC15DFB30100ACEC58 /* ZXRemoteNotification.h */ = {isa = PBXFileReference; fileEncoding = 4; lastKnownFileType = sourcecode.c.h; path = ZXRemoteNotification.h; sourceTree = "<group>"; };
		33B890FD15DFB30100ACEC58 /* ZXRemoteNotification.m */ = {isa = PBXFileReference; fileEncoding = 4; lastKnownFileType = sourcecode.c.objc; path = ZXRemoteNotification.m; sourceTree = "<group>"; };
		33B8910915DFB96E00ACEC58 /* ZXTools.h */ = {isa = PBXFileReference; fileEncoding = 4; lastKnownFileType = sourcecode.c.h; path = ZXTools.h; sourceTree = SOURCE_ROOT; };
		33B8910A15DFB96E00ACEC58 /* ZXTools.m */ = {isa = PBXFileReference; fileEncoding = 4; lastKnownFileType = sourcecode.c.objc; path = ZXTools.m; sourceTree = SOURCE_ROOT; };
		33B8911015DFC03200ACEC58 /* NSData+Base64.h */ = {isa = PBXFileReference; fileEncoding = 4; lastKnownFileType = sourcecode.c.h; path = "NSData+Base64.h"; sourceTree = "<group>"; };
		33B8911115DFC03200ACEC58 /* NSData+Base64.m */ = {isa = PBXFileReference; fileEncoding = 4; lastKnownFileType = sourcecode.c.objc; path = "NSData+Base64.m"; sourceTree = "<group>"; };
		33B8911215DFC03200ACEC58 /* NSString+Base64.h */ = {isa = PBXFileReference; fileEncoding = 4; lastKnownFileType = sourcecode.c.h; path = "NSString+Base64.h"; sourceTree = "<group>"; };
		33B8911315DFC03200ACEC58 /* NSString+Base64.m */ = {isa = PBXFileReference; fileEncoding = 4; lastKnownFileType = sourcecode.c.objc; path = "NSString+Base64.m"; sourceTree = "<group>"; };
		33B8911715DFC27E00ACEC58 /* NSData+ZXMD5.h */ = {isa = PBXFileReference; fileEncoding = 4; lastKnownFileType = sourcecode.c.h; name = "NSData+ZXMD5.h"; path = "ZXMD5/NSData+ZXMD5.h"; sourceTree = SOURCE_ROOT; };
		33B8911815DFC27E00ACEC58 /* NSData+ZXMD5.m */ = {isa = PBXFileReference; fileEncoding = 4; lastKnownFileType = sourcecode.c.objc; name = "NSData+ZXMD5.m"; path = "ZXMD5/NSData+ZXMD5.m"; sourceTree = SOURCE_ROOT; };
		33B8911A15DFC29700ACEC58 /* NSString+ZXMD5.h */ = {isa = PBXFileReference; fileEncoding = 4; lastKnownFileType = sourcecode.c.h; name = "NSString+ZXMD5.h"; path = "ZXMD5/NSString+ZXMD5.h"; sourceTree = SOURCE_ROOT; };
		33B8911B15DFC29700ACEC58 /* NSString+ZXMD5.m */ = {isa = PBXFileReference; fileEncoding = 4; lastKnownFileType = sourcecode.c.objc; name = "NSString+ZXMD5.m"; path = "ZXMD5/NSString+ZXMD5.m"; sourceTree = SOURCE_ROOT; };
		33B8912115DFC61400ACEC58 /* NSString+ZXDES.h */ = {isa = PBXFileReference; fileEncoding = 4; lastKnownFileType = sourcecode.c.h; name = "NSString+ZXDES.h"; path = "../ZXDES/NSString+ZXDES.h"; sourceTree = "<group>"; };
		33B8912215DFC61400ACEC58 /* NSString+ZXDES.m */ = {isa = PBXFileReference; fileEncoding = 4; lastKnownFileType = sourcecode.c.objc; name = "NSString+ZXDES.m"; path = "../ZXDES/NSString+ZXDES.m"; sourceTree = "<group>"; };
		430E1E9B15F478F800CD1B47 /* NSString+ZXTools.h */ = {isa = PBXFileReference; fileEncoding = 4; lastKnownFileType = sourcecode.c.h; path = "NSString+ZXTools.h"; sourceTree = "<group>"; };
		430E1E9C15F478F800CD1B47 /* NSString+ZXTools.m */ = {isa = PBXFileReference; fileEncoding = 4; lastKnownFileType = sourcecode.c.objc; path = "NSString+ZXTools.m"; sourceTree = "<group>"; };
		430E1E9F15F478F800CD1B47 /* ZXNavigationBar.h */ = {isa = PBXFileReference; fileEncoding = 4; lastKnownFileType = sourcecode.c.h; path = ZXNavigationBar.h; sourceTree = "<group>"; };
		430E1EA015F478F800CD1B47 /* ZXNavigationBar.m */ = {isa = PBXFileReference; fileEncoding = 4; lastKnownFileType = sourcecode.c.objc; path = ZXNavigationBar.m; sourceTree = "<group>"; };
		430E1EA215F478F800CD1B47 /* b_Left.png */ = {isa = PBXFileReference; lastKnownFileType = image.png; path = b_Left.png; sourceTree = "<group>"; };
		430E1EA315F478F800CD1B47 /* b_Left_Selected.png */ = {isa = PBXFileReference; lastKnownFileType = image.png; path = b_Left_Selected.png; sourceTree = "<group>"; };
		430E1EA415F478F800CD1B47 /* b_Middle.png */ = {isa = PBXFileReference; lastKnownFileType = image.png; path = b_Middle.png; sourceTree = "<group>"; };
		430E1EA515F478F800CD1B47 /* b_Middle_Selected.png */ = {isa = PBXFileReference; lastKnownFileType = image.png; path = b_Middle_Selected.png; sourceTree = "<group>"; };
		430E1EA615F478F800CD1B47 /* b_Right.png */ = {isa = PBXFileReference; lastKnownFileType = image.png; path = b_Right.png; sourceTree = "<group>"; };
		430E1EA715F478F800CD1B47 /* b_Right_Selected.png */ = {isa = PBXFileReference; lastKnownFileType = image.png; path = b_Right_Selected.png; sourceTree = "<group>"; };
		430E1EA815F478F800CD1B47 /* ZXSegmentController.h */ = {isa = PBXFileReference; fileEncoding = 4; lastKnownFileType = sourcecode.c.h; path = ZXSegmentController.h; sourceTree = "<group>"; };
		430E1EA915F478F800CD1B47 /* ZXSegmentController.m */ = {isa = PBXFileReference; fileEncoding = 4; lastKnownFileType = sourcecode.c.objc; path = ZXSegmentController.m; sourceTree = "<group>"; };
		430E1EBB15F4796400CD1B47 /* NSData+ZXAES.h */ = {isa = PBXFileReference; fileEncoding = 4; lastKnownFileType = sourcecode.c.h; path = "NSData+ZXAES.h"; sourceTree = "<group>"; };
		430E1EBC15F4796400CD1B47 /* NSData+ZXAES.m */ = {isa = PBXFileReference; fileEncoding = 4; lastKnownFileType = sourcecode.c.objc; path = "NSData+ZXAES.m"; sourceTree = "<group>"; };
		430E1EBD15F4796400CD1B47 /* NSString+ZXAES.h */ = {isa = PBXFileReference; fileEncoding = 4; lastKnownFileType = sourcecode.c.h; path = "NSString+ZXAES.h"; sourceTree = "<group>"; };
		430E1EBE15F4796400CD1B47 /* NSString+ZXAES.m */ = {isa = PBXFileReference; fileEncoding = 4; lastKnownFileType = sourcecode.c.objc; path = "NSString+ZXAES.m"; sourceTree = "<group>"; };
		430E1EC115F479AF00CD1B47 /* ZXTabBarController.h */ = {isa = PBXFileReference; fileEncoding = 4; lastKnownFileType = sourcecode.c.h; path = ZXTabBarController.h; sourceTree = "<group>"; };
		430E1EC215F479AF00CD1B47 /* ZXTabBarController.m */ = {isa = PBXFileReference; fileEncoding = 4; lastKnownFileType = sourcecode.c.objc; path = ZXTabBarController.m; sourceTree = "<group>"; };
		43162E3415EDB96500151BF2 /* bg2.png */ = {isa = PBXFileReference; lastKnownFileType = image.png; path = bg2.png; sourceTree = "<group>"; };
		43162E3515EDB96500151BF2 /* bg1.png */ = {isa = PBXFileReference; lastKnownFileType = image.png; path = bg1.png; sourceTree = "<group>"; };
		431A8C0215F71C830004B1CA /* ZXSoundEngine.h */ = {isa = PBXFileReference; fileEncoding = 4; lastKnownFileType = sourcecode.c.h; path = ZXSoundEngine.h; sourceTree = "<group>"; };
		431A8C0315F71C830004B1CA /* ZXSoundEngine.m */ = {isa = PBXFileReference; fileEncoding = 4; lastKnownFileType = sourcecode.c.objc; path = ZXSoundEngine.m; sourceTree = "<group>"; };
		431A8C0715F71CA20004B1CA /* ZXApplication.h */ = {isa = PBXFileReference; fileEncoding = 4; lastKnownFileType = sourcecode.c.h; path = ZXApplication.h; sourceTree = "<group>"; };
		431A8C0815F71CA20004B1CA /* ZXApplication.m */ = {isa = PBXFileReference; fileEncoding = 4; lastKnownFileType = sourcecode.c.objc; path = ZXApplication.m; sourceTree = "<group>"; };
		431A8C0A15F71EBF0004B1CA /* AVFoundation.framework */ = {isa = PBXFileReference; lastKnownFileType = wrapper.framework; name = AVFoundation.framework; path = System/Library/Frameworks/AVFoundation.framework; sourceTree = SDKROOT; };
		431A8C0D15F723C40004B1CA /* ZXLocationManager.h */ = {isa = PBXFileReference; fileEncoding = 4; lastKnownFileType = sourcecode.c.h; path = ZXLocationManager.h; sourceTree = "<group>"; };
		431A8C0E15F723C40004B1CA /* ZXLocationManager.m */ = {isa = PBXFileReference; fileEncoding = 4; lastKnownFileType = sourcecode.c.objc; path = ZXLocationManager.m; sourceTree = "<group>"; };
		431A8C1015F723D00004B1CA /* CoreLocation.framework */ = {isa = PBXFileReference; lastKnownFileType = wrapper.framework; name = CoreLocation.framework; path = System/Library/Frameworks/CoreLocation.framework; sourceTree = SDKROOT; };
		431A8C1215F723F60004B1CA /* MapKit.framework */ = {isa = PBXFileReference; lastKnownFileType = wrapper.framework; name = MapKit.framework; path = System/Library/Frameworks/MapKit.framework; sourceTree = SDKROOT; };
		434A2B26162410CC00F62EB6 /* Default-568h@2x.png */ = {isa = PBXFileReference; lastKnownFileType = image.png; path = "Default-568h@2x.png"; sourceTree = "<group>"; };
		434C394115EDA50A009737E9 /* navigationBg.png */ = {isa = PBXFileReference; lastKnownFileType = image.png; path = navigationBg.png; sourceTree = "<group>"; };
		437736061606B9B100F8C0C2 /* Settings.bundle */ = {isa = PBXFileReference; lastKnownFileType = "wrapper.plug-in"; path = Settings.bundle; sourceTree = "<group>"; };
		43927BCF15FF0B5F0087F249 /* ALAssetsLibrary+CustomPhotoAlbum.h */ = {isa = PBXFileReference; fileEncoding = 4; lastKnownFileType = sourcecode.c.h; path = "ALAssetsLibrary+CustomPhotoAlbum.h"; sourceTree = "<group>"; };
		43927BD015FF0B5F0087F249 /* ALAssetsLibrary+CustomPhotoAlbum.m */ = {isa = PBXFileReference; fileEncoding = 4; lastKnownFileType = sourcecode.c.objc; path = "ALAssetsLibrary+CustomPhotoAlbum.m"; sourceTree = "<group>"; };
		43927BD315FF0B7A0087F249 /* AssetsLibrary.framework */ = {isa = PBXFileReference; lastKnownFileType = wrapper.framework; name = AssetsLibrary.framework; path = System/Library/Frameworks/AssetsLibrary.framework; sourceTree = SDKROOT; };
		43FB36961608266B0024F12A /* ZXConfig.h */ = {isa = PBXFileReference; fileEncoding = 4; lastKnownFileType = sourcecode.c.h; path = ZXConfig.h; sourceTree = SOURCE_ROOT; };
/* End PBXFileReference section */

/* Begin PBXFrameworksBuildPhase section */
		33B890CC15DFB0DB00ACEC58 /* Frameworks */ = {
			isa = PBXFrameworksBuildPhase;
			buildActionMask = 2147483647;
			files = (
				43927BD415FF0B7A0087F249 /* AssetsLibrary.framework in Frameworks */,
				431A8C1315F723F60004B1CA /* MapKit.framework in Frameworks */,
				431A8C1115F723D00004B1CA /* CoreLocation.framework in Frameworks */,
				431A8C0B15F71EBF0004B1CA /* AVFoundation.framework in Frameworks */,
				33B890D415DFB0DB00ACEC58 /* UIKit.framework in Frameworks */,
				33B890D615DFB0DB00ACEC58 /* Foundation.framework in Frameworks */,
				33B890D815DFB0DB00ACEC58 /* CoreGraphics.framework in Frameworks */,
			);
			runOnlyForDeploymentPostprocessing = 0;
		};
/* End PBXFrameworksBuildPhase section */

/* Begin PBXGroup section */
		33B890C415DFB0DB00ACEC58 = {
			isa = PBXGroup;
			children = (
				434A2B26162410CC00F62EB6 /* Default-568h@2x.png */,
				33B890D915DFB0DB00ACEC58 /* ZXTools */,
				33B890D215DFB0DB00ACEC58 /* Frameworks */,
				33B890D015DFB0DB00ACEC58 /* Products */,
			);
			sourceTree = "<group>";
		};
		33B890D015DFB0DB00ACEC58 /* Products */ = {
			isa = PBXGroup;
			children = (
				33B890CF15DFB0DB00ACEC58 /* ZXTools.app */,
			);
			name = Products;
			sourceTree = "<group>";
		};
		33B890D215DFB0DB00ACEC58 /* Frameworks */ = {
			isa = PBXGroup;
			children = (
				43927BD315FF0B7A0087F249 /* AssetsLibrary.framework */,
				431A8C1215F723F60004B1CA /* MapKit.framework */,
				431A8C1015F723D00004B1CA /* CoreLocation.framework */,
				431A8C0A15F71EBF0004B1CA /* AVFoundation.framework */,
				33B890D315DFB0DB00ACEC58 /* UIKit.framework */,
				33B890D515DFB0DB00ACEC58 /* Foundation.framework */,
				33B890D715DFB0DB00ACEC58 /* CoreGraphics.framework */,
			);
			name = Frameworks;
			sourceTree = "<group>";
		};
		33B890D915DFB0DB00ACEC58 /* ZXTools */ = {
			isa = PBXGroup;
			children = (
				43FB36961608266B0024F12A /* ZXConfig.h */,
				43162E3415EDB96500151BF2 /* bg2.png */,
				43162E3515EDB96500151BF2 /* bg1.png */,
				434C394115EDA50A009737E9 /* navigationBg.png */,
				33B890E215DFB0DB00ACEC58 /* AppDelegate.h */,
				33B890E315DFB0DB00ACEC58 /* AppDelegate.m */,
				33B8910915DFB96E00ACEC58 /* ZXTools.h */,
				33B8910A15DFB96E00ACEC58 /* ZXTools.m */,
				33B890E515DFB0DB00ACEC58 /* ViewController.h */,
				33B890E615DFB0DB00ACEC58 /* ViewController.m */,
				33B890E815DFB0DB00ACEC58 /* ViewController.xib */,
				43927BCE15FF0B5F0087F249 /* ZXALAssetsLibrary */,
				431A8C0C15F723C40004B1CA /* ZXLocationManager */,
				431A8C0615F71CA20004B1CA /* ZXApplication */,
				431A8C0115F71C830004B1CA /* ZXSoundEngine */,
				430E1EBA15F4796400CD1B47 /* ZXAES */,
				33B8912515DFC62700ACEC58 /* ZXDES */,
				430E1E9A15F478F800CD1B47 /* NSStringTools */,
				430E1E9E15F478F800CD1B47 /* ZXNavigationBar */,
				430E1EA115F478F800CD1B47 /* ZXSegmentController */,
				430E1EAC15F478F800CD1B47 /* ZXTabBarController */,
				33B8911615DFC15800ACEC58 /* ZXMD5 */,
				33B8910F15DFC03200ACEC58 /* Base64 */,
				33B890F815DFB30100ACEC58 /* ZXRate */,
				33B890FB15DFB30100ACEC58 /* ZXRemoteNotification */,
				33B890DA15DFB0DB00ACEC58 /* Supporting Files */,
			);
			path = ZXTools;
			sourceTree = "<group>";
		};
		33B890DA15DFB0DB00ACEC58 /* Supporting Files */ = {
			isa = PBXGroup;
			children = (
				33B890DB15DFB0DB00ACEC58 /* ZXTools-Info.plist */,
				33B890DC15DFB0DB00ACEC58 /* InfoPlist.strings */,
				33B890DF15DFB0DB00ACEC58 /* main.m */,
				33B890E115DFB0DB00ACEC58 /* ZXTools-Prefix.pch */,
				437736061606B9B100F8C0C2 /* Settings.bundle */,
			);
			name = "Supporting Files";
			sourceTree = "<group>";
		};
		33B890F815DFB30100ACEC58 /* ZXRate */ = {
			isa = PBXGroup;
			children = (
				33B890F915DFB30100ACEC58 /* ZXRate.h */,
				33B890FA15DFB30100ACEC58 /* ZXRate.m */,
			);
			path = ZXRate;
			sourceTree = SOURCE_ROOT;
		};
		33B890FB15DFB30100ACEC58 /* ZXRemoteNotification */ = {
			isa = PBXGroup;
			children = (
				33B890FC15DFB30100ACEC58 /* ZXRemoteNotification.h */,
				33B890FD15DFB30100ACEC58 /* ZXRemoteNotification.m */,
			);
			path = ZXRemoteNotification;
			sourceTree = SOURCE_ROOT;
		};
		33B8910F15DFC03200ACEC58 /* Base64 */ = {
			isa = PBXGroup;
			children = (
				33B8911015DFC03200ACEC58 /* NSData+Base64.h */,
				33B8911115DFC03200ACEC58 /* NSData+Base64.m */,
				33B8911215DFC03200ACEC58 /* NSString+Base64.h */,
				33B8911315DFC03200ACEC58 /* NSString+Base64.m */,
			);
			path = Base64;
			sourceTree = SOURCE_ROOT;
		};
		33B8911615DFC15800ACEC58 /* ZXMD5 */ = {
			isa = PBXGroup;
			children = (
				33B8911715DFC27E00ACEC58 /* NSData+ZXMD5.h */,
				33B8911815DFC27E00ACEC58 /* NSData+ZXMD5.m */,
				33B8911A15DFC29700ACEC58 /* NSString+ZXMD5.h */,
				33B8911B15DFC29700ACEC58 /* NSString+ZXMD5.m */,
			);
			name = ZXMD5;
			sourceTree = "<group>";
		};
		33B8912515DFC62700ACEC58 /* ZXDES */ = {
			isa = PBXGroup;
			children = (
				33B8912115DFC61400ACEC58 /* NSString+ZXDES.h */,
				33B8912215DFC61400ACEC58 /* NSString+ZXDES.m */,
			);
			name = ZXDES;
			sourceTree = "<group>";
		};
		430E1E9A15F478F800CD1B47 /* NSStringTools */ = {
			isa = PBXGroup;
			children = (
				430E1E9B15F478F800CD1B47 /* NSString+ZXTools.h */,
				430E1E9C15F478F800CD1B47 /* NSString+ZXTools.m */,
			);
			path = NSStringTools;
			sourceTree = SOURCE_ROOT;
		};
		430E1E9E15F478F800CD1B47 /* ZXNavigationBar */ = {
			isa = PBXGroup;
			children = (
				430E1E9F15F478F800CD1B47 /* ZXNavigationBar.h */,
				430E1EA015F478F800CD1B47 /* ZXNavigationBar.m */,
			);
			path = ZXNavigationBar;
			sourceTree = SOURCE_ROOT;
		};
		430E1EA115F478F800CD1B47 /* ZXSegmentController */ = {
			isa = PBXGroup;
			children = (
				430E1EA215F478F800CD1B47 /* b_Left.png */,
				430E1EA315F478F800CD1B47 /* b_Left_Selected.png */,
				430E1EA415F478F800CD1B47 /* b_Middle.png */,
				430E1EA515F478F800CD1B47 /* b_Middle_Selected.png */,
				430E1EA615F478F800CD1B47 /* b_Right.png */,
				430E1EA715F478F800CD1B47 /* b_Right_Selected.png */,
				430E1EA815F478F800CD1B47 /* ZXSegmentController.h */,
				430E1EA915F478F800CD1B47 /* ZXSegmentController.m */,
			);
			path = ZXSegmentController;
			sourceTree = SOURCE_ROOT;
		};
		430E1EAC15F478F800CD1B47 /* ZXTabBarController */ = {
			isa = PBXGroup;
			children = (
				430E1EC115F479AF00CD1B47 /* ZXTabBarController.h */,
				430E1EC215F479AF00CD1B47 /* ZXTabBarController.m */,
			);
			path = ZXTabBarController;
			sourceTree = SOURCE_ROOT;
		};
		430E1EBA15F4796400CD1B47 /* ZXAES */ = {
			isa = PBXGroup;
			children = (
				430E1EBB15F4796400CD1B47 /* NSData+ZXAES.h */,
				430E1EBC15F4796400CD1B47 /* NSData+ZXAES.m */,
				430E1EBD15F4796400CD1B47 /* NSString+ZXAES.h */,
				430E1EBE15F4796400CD1B47 /* NSString+ZXAES.m */,
			);
			path = ZXAES;
			sourceTree = SOURCE_ROOT;
		};
		431A8C0115F71C830004B1CA /* ZXSoundEngine */ = {
			isa = PBXGroup;
			children = (
				431A8C0215F71C830004B1CA /* ZXSoundEngine.h */,
				431A8C0315F71C830004B1CA /* ZXSoundEngine.m */,
			);
			path = ZXSoundEngine;
			sourceTree = SOURCE_ROOT;
		};
		431A8C0615F71CA20004B1CA /* ZXApplication */ = {
			isa = PBXGroup;
			children = (
				431A8C0715F71CA20004B1CA /* ZXApplication.h */,
				431A8C0815F71CA20004B1CA /* ZXApplication.m */,
			);
			path = ZXApplication;
			sourceTree = SOURCE_ROOT;
		};
		431A8C0C15F723C40004B1CA /* ZXLocationManager */ = {
			isa = PBXGroup;
			children = (
				431A8C0D15F723C40004B1CA /* ZXLocationManager.h */,
				431A8C0E15F723C40004B1CA /* ZXLocationManager.m */,
			);
			path = ZXLocationManager;
			sourceTree = SOURCE_ROOT;
		};
		43927BCE15FF0B5F0087F249 /* ZXALAssetsLibrary */ = {
			isa = PBXGroup;
			children = (
				43927BCF15FF0B5F0087F249 /* ALAssetsLibrary+CustomPhotoAlbum.h */,
				43927BD015FF0B5F0087F249 /* ALAssetsLibrary+CustomPhotoAlbum.m */,
			);
			path = ZXALAssetsLibrary;
			sourceTree = SOURCE_ROOT;
		};
/* End PBXGroup section */

/* Begin PBXNativeTarget section */
		33B890CE15DFB0DB00ACEC58 /* ZXTools */ = {
			isa = PBXNativeTarget;
			buildConfigurationList = 33B890ED15DFB0DC00ACEC58 /* Build configuration list for PBXNativeTarget "ZXTools" */;
			buildPhases = (
				33B890CB15DFB0DB00ACEC58 /* Sources */,
				33B890CC15DFB0DB00ACEC58 /* Frameworks */,
				33B890CD15DFB0DB00ACEC58 /* Resources */,
			);
			buildRules = (
			);
			dependencies = (
			);
			name = ZXTools;
			productName = ZXTools;
			productReference = 33B890CF15DFB0DB00ACEC58 /* ZXTools.app */;
			productType = "com.apple.product-type.application";
		};
/* End PBXNativeTarget section */

/* Begin PBXProject section */
		33B890C615DFB0DB00ACEC58 /* Project object */ = {
			isa = PBXProject;
			attributes = {
				LastUpgradeCheck = 0440;
				ORGANIZATIONNAME = "张玺";
			};
			buildConfigurationList = 33B890C915DFB0DB00ACEC58 /* Build configuration list for PBXProject "ZXTools" */;
			compatibilityVersion = "Xcode 3.2";
			developmentRegion = English;
			hasScannedForEncodings = 0;
			knownRegions = (
				en,
			);
			mainGroup = 33B890C415DFB0DB00ACEC58;
			productRefGroup = 33B890D015DFB0DB00ACEC58 /* Products */;
			projectDirPath = "";
			projectRoot = "";
			targets = (
				33B890CE15DFB0DB00ACEC58 /* ZXTools */,
			);
		};
/* End PBXProject section */

/* Begin PBXResourcesBuildPhase section */
		33B890CD15DFB0DB00ACEC58 /* Resources */ = {
			isa = PBXResourcesBuildPhase;
			buildActionMask = 2147483647;
			files = (
				33B890DE15DFB0DB00ACEC58 /* InfoPlist.strings in Resources */,
				33B890EA15DFB0DC00ACEC58 /* ViewController.xib in Resources */,
				434C394215EDA50A009737E9 /* navigationBg.png in Resources */,
				43162E3615EDB96500151BF2 /* bg2.png in Resources */,
				43162E3715EDB96500151BF2 /* bg1.png in Resources */,
				430E1EB115F478F800CD1B47 /* b_Left.png in Resources */,
				430E1EB215F478F800CD1B47 /* b_Left_Selected.png in Resources */,
				430E1EB315F478F800CD1B47 /* b_Middle.png in Resources */,
				430E1EB415F478F800CD1B47 /* b_Middle_Selected.png in Resources */,
				430E1EB515F478F800CD1B47 /* b_Right.png in Resources */,
				430E1EB615F478F800CD1B47 /* b_Right_Selected.png in Resources */,
				437736071606B9B100F8C0C2 /* Settings.bundle in Resources */,
				434A2B27162410CC00F62EB6 /* Default-568h@2x.png in Resources */,
			);
			runOnlyForDeploymentPostprocessing = 0;
		};
/* End PBXResourcesBuildPhase section */

/* Begin PBXSourcesBuildPhase section */
		33B890CB15DFB0DB00ACEC58 /* Sources */ = {
			isa = PBXSourcesBuildPhase;
			buildActionMask = 2147483647;
			files = (
				33B890E015DFB0DB00ACEC58 /* main.m in Sources */,
				33B890E415DFB0DB00ACEC58 /* AppDelegate.m in Sources */,
				33B890E715DFB0DB00ACEC58 /* ViewController.m in Sources */,
				33B890FE15DFB30100ACEC58 /* ZXRate.m in Sources */,
				33B890FF15DFB30100ACEC58 /* ZXRemoteNotification.m in Sources */,
				33B8910B15DFB96E00ACEC58 /* ZXTools.m in Sources */,
				33B8911415DFC03200ACEC58 /* NSData+Base64.m in Sources */,
				33B8911515DFC03200ACEC58 /* NSString+Base64.m in Sources */,
				33B8911915DFC27E00ACEC58 /* NSData+ZXMD5.m in Sources */,
				33B8911C15DFC29700ACEC58 /* NSString+ZXMD5.m in Sources */,
				33B8912315DFC61400ACEC58 /* NSString+ZXDES.m in Sources */,
				430E1EAF15F478F800CD1B47 /* NSString+ZXTools.m in Sources */,
				430E1EB015F478F800CD1B47 /* ZXNavigationBar.m in Sources */,
				430E1EB715F478F800CD1B47 /* ZXSegmentController.m in Sources */,
				430E1EBF15F4796400CD1B47 /* NSData+ZXAES.m in Sources */,
				430E1EC015F4796400CD1B47 /* NSString+ZXAES.m in Sources */,
				430E1EC315F479AF00CD1B47 /* ZXTabBarController.m in Sources */,
				431A8C0415F71C830004B1CA /* ZXSoundEngine.m in Sources */,
				431A8C0915F71CA20004B1CA /* ZXApplication.m in Sources */,
				431A8C0F15F723C40004B1CA /* ZXLocationManager.m in Sources */,
				43927BD115FF0B5F0087F249 /* ALAssetsLibrary+CustomPhotoAlbum.m in Sources */,
			);
			runOnlyForDeploymentPostprocessing = 0;
		};
/* End PBXSourcesBuildPhase section */

/* Begin PBXVariantGroup section */
		33B890DC15DFB0DB00ACEC58 /* InfoPlist.strings */ = {
			isa = PBXVariantGroup;
			children = (
				33B890DD15DFB0DB00ACEC58 /* en */,
			);
			name = InfoPlist.strings;
			sourceTree = "<group>";
		};
		33B890E815DFB0DB00ACEC58 /* ViewController.xib */ = {
			isa = PBXVariantGroup;
			children = (
				33B890E915DFB0DC00ACEC58 /* en */,
			);
			name = ViewController.xib;
			sourceTree = "<group>";
		};
/* End PBXVariantGroup section */

/* Begin XCBuildConfiguration section */
		33B890EB15DFB0DC00ACEC58 /* Debug */ = {
			isa = XCBuildConfiguration;
			buildSettings = {
				ALWAYS_SEARCH_USER_PATHS = NO;
				ARCHS = "$(ARCHS_STANDARD_32_BIT)";
				CLANG_CXX_LANGUAGE_STANDARD = "gnu++0x";
				CLANG_ENABLE_OBJC_ARC = YES;
				CLANG_WARN__DUPLICATE_METHOD_MATCH = YES;
				"CODE_SIGN_IDENTITY[sdk=iphoneos*]" = "iPhone Developer";
				COPY_PHASE_STRIP = NO;
				GCC_C_LANGUAGE_STANDARD = gnu99;
				GCC_DYNAMIC_NO_PIC = NO;
				GCC_OPTIMIZATION_LEVEL = 0;
				GCC_PREPROCESSOR_DEFINITIONS = (
					"DEBUG=1",
					"$(inherited)",
				);
				GCC_SYMBOLS_PRIVATE_EXTERN = NO;
				GCC_VERSION = com.apple.compilers.llvm.clang.1_0;
				GCC_WARN_ABOUT_RETURN_TYPE = YES;
				GCC_WARN_UNINITIALIZED_AUTOS = YES;
				GCC_WARN_UNUSED_VARIABLE = YES;
				IPHONEOS_DEPLOYMENT_TARGET = 5.1;
				SDKROOT = iphoneos;
			};
			name = Debug;
		};
		33B890EC15DFB0DC00ACEC58 /* Release */ = {
			isa = XCBuildConfiguration;
			buildSettings = {
				ALWAYS_SEARCH_USER_PATHS = NO;
				ARCHS = "$(ARCHS_STANDARD_32_BIT)";
				CLANG_CXX_LANGUAGE_STANDARD = "gnu++0x";
				CLANG_ENABLE_OBJC_ARC = YES;
				CLANG_WARN__DUPLICATE_METHOD_MATCH = YES;
				"CODE_SIGN_IDENTITY[sdk=iphoneos*]" = "iPhone Developer";
				COPY_PHASE_STRIP = YES;
				GCC_C_LANGUAGE_STANDARD = gnu99;
				GCC_VERSION = com.apple.compilers.llvm.clang.1_0;
				GCC_WARN_ABOUT_RETURN_TYPE = YES;
				GCC_WARN_UNINITIALIZED_AUTOS = YES;
				GCC_WARN_UNUSED_VARIABLE = YES;
				IPHONEOS_DEPLOYMENT_TARGET = 5.1;
				OTHER_CFLAGS = "-DNS_BLOCK_ASSERTIONS=1";
				SDKROOT = iphoneos;
				VALIDATE_PRODUCT = YES;
			};
			name = Release;
		};
		33B890EE15DFB0DC00ACEC58 /* Debug */ = {
			isa = XCBuildConfiguration;
			buildSettings = {
				GCC_PRECOMPILE_PREFIX_HEADER = YES;
				GCC_PREFIX_HEADER = "ZXTools/ZXTools-Prefix.pch";
				INFOPLIST_FILE = "ZXTools/ZXTools-Info.plist";
				IPHONEOS_DEPLOYMENT_TARGET = 5.0;
				PRODUCT_NAME = "$(TARGET_NAME)";
				WRAPPER_EXTENSION = app;
			};
			name = Debug;
		};
		33B890EF15DFB0DC00ACEC58 /* Release */ = {
			isa = XCBuildConfiguration;
			buildSettings = {
				GCC_PRECOMPILE_PREFIX_HEADER = YES;
				GCC_PREFIX_HEADER = "ZXTools/ZXTools-Prefix.pch";
				INFOPLIST_FILE = "ZXTools/ZXTools-Info.plist";
				IPHONEOS_DEPLOYMENT_TARGET = 5.0;
				PRODUCT_NAME = "$(TARGET_NAME)";
				WRAPPER_EXTENSION = app;
			};
			name = Release;
		};
/* End XCBuildConfiguration section */

/* Begin XCConfigurationList section */
		33B890C915DFB0DB00ACEC58 /* Build configuration list for PBXProject "ZXTools" */ = {
			isa = XCConfigurationList;
			buildConfigurations = (
				33B890EB15DFB0DC00ACEC58 /* Debug */,
				33B890EC15DFB0DC00ACEC58 /* Release */,
			);
			defaultConfigurationIsVisible = 0;
			defaultConfigurationName = Release;
		};
		33B890ED15DFB0DC00ACEC58 /* Build configuration list for PBXNativeTarget "ZXTools" */ = {
			isa = XCConfigurationList;
			buildConfigurations = (
				33B890EE15DFB0DC00ACEC58 /* Debug */,
				33B890EF15DFB0DC00ACEC58 /* Release */,
			);
			defaultConfigurationIsVisible = 0;
			defaultConfigurationName = Release;
		};
/* End XCConfigurationList section */
	};
	rootObject = 33B890C615DFB0DB00ACEC58 /* Project object */;
}
